
Microsoft Visual Studio Solution File, Format Version 12.00
# Visual Studio Version 17
VisualStudioVersion = 17.0.31903.59
MinimumVisualStudioVersion = 10.0.40219.1
Project("{FAE04EC0-301F-11D3-BF4B-00C04F79EFBC}") = "Elevator.WebApi", "Elevator.WebApi\Elevator.WebApi.csproj", "{89AAFEC0-860E-4253-AC88-4015A7B85070}"
EndProject
Project("{FAE04EC0-301F-11D3-BF4B-00C04F79EFBC}") = "Elevator.WebApi.Tests", "Elevator.WebApi.Tests\Elevator.WebApi.Tests.csproj", "{3DD7A5D6-1FD3-459C-80A7-7A7AAE8FB018}"
EndProject
Project("{2150E333-8FDC-42A3-9474-1A3956D46DE8}") = "Solution", "Solution", "{4A698030-FD39-4431-A682-74502BA6A6DA}"
	ProjectSection(SolutionItems) = preProject
		Makefile = Makefile
	EndProjectSection
EndProject
Global
	GlobalSection(SolutionConfigurationPlatforms) = preSolution
		Debug|Any CPU = Debug|Any CPU
		Release|Any CPU = Release|Any CPU
	EndGlobalSection
	GlobalSection(SolutionProperties) = preSolution
		HideSolutionNode = FALSE
	EndGlobalSection
	GlobalSection(ProjectConfigurationPlatforms) = postSolution
		{89AAFEC0-860E-4253-AC88-4015A7B85070}.Debug|Any CPU.ActiveCfg = Debug|Any CPU
		{89AAFEC0-860E-4253-AC88-4015A7B85070}.Debug|Any CPU.Build.0 = Debug|Any CPU
		{89AAFEC0-860E-4253-AC88-4015A7B85070}.Release|Any CPU.ActiveCfg = Release|Any CPU
		{89AAFEC0-860E-4253-AC88-4015A7B85070}.Release|Any CPU.Build.0 = Release|Any CPU
		{3DD7A5D6-1FD3-459C-80A7-7A7AAE8FB018}.Debug|Any CPU.ActiveCfg = Debug|Any CPU
		{3DD7A5D6-1FD3-459C-80A7-7A7AAE8FB018}.Debug|Any CPU.Build.0 = Debug|Any CPU
		{3DD7A5D6-1FD3-459C-80A7-7A7AAE8FB018}.Release|Any CPU.ActiveCfg = Release|Any CPU
		{3DD7A5D6-1FD3-459C-80A7-7A7AAE8FB018}.Release|Any CPU.Build.0 = Release|Any CPU
	EndGlobalSection
EndGlobal
